// !$*UTF8*$!
{
	archiveVersion = 1;
	classes = {
	};
	objectVersion = 77;
	objects = {

/* Begin PBXContainerItemProxy section */
		1A66FB712FFD05EC00F13B01 /* PBXContainerItemProxy */ = {
			isa = PBXContainerItemProxy;
			containerPortal = 1A66FB5B2FFD05EB00F13B01 /* Project object */;
			proxyType = 1;
			remoteGlobalIDString = 1A66FB622FFD05EB00F13B01;
			remoteInfo = TapFrenzy;
		};
		1A66FB7B2FFD05EC00F13B01 /* PBXContainerItemProxy */ = {
			isa = PBXContainerItemProxy;
			containerPortal = 1A66FB5B2FFD05EB00F13B01 /* Project object */;
			proxyType = 1;
			remoteGlobalIDString = 1A66FB622FFD05EB00F13B01;
			remoteInfo = TapFrenzy;
		};
/* End PBXContainerItemProxy section */

/* Begin PBXFileReference section */
		1A66FB632FFD05EB00F13B01 /* TapFrenzy.app */ = {isa = PBXFileReference; explicitFileType = wrapper.application; includeInIndex = 0; path = TapFrenzy.app; sourceTree = BUILT_PRODUCTS_DIR; };
		1A66FB702FFD05EC00F13B01 /* TapFrenzyTests.xctest */ = {isa = PBXFileReference; explicitFileType = wrapper.cfbundle; includeInIndex = 0; path = TapFrenzyTests.xctest; sourceTree = BUILT_PRODUCTS_DIR; };
		1A66FB7A2FFD05EC00F13B01 /* TapFrenzyUITests.xctest */ = {isa = PBXFileReference; explicitFileType = wrapper.cfbundle; includeInIndex = 0; path = TapFrenzyUITests.xctest; sourceTree = BUILT_PRODUCTS_DIR; };
/* End PBXFileReference section */

/* Begin PBXFileSystemSynchronizedRootGroup section */
		1A66FB652FFD05EB00F13B01 /* TapFrenzy */ = {
			isa = PBXFileSystemSynchronizedRootGroup;
			path = TapFrenzy;
			sourceTree = "<group>";
		};
		1A66FB732FFD05EC00F13B01 /* TapFrenzyTests */ = {
			isa = PBXFileSystemSynchronizedRootGroup;
			path = TapFrenzyTests;
			sourceTree = "<group>";
		};
		1A66FB7D2FFD05EC00F13B01 /* TapFrenzyUITests */ = {
			isa = PBXFileSystemSynchronizedRootGroup;
			path = TapFrenzyUITests;
			sourceTree = "<group>";
		};
/* End PBXFileSystemSynchronizedRootGroup section */

/* Begin PBXFrameworksBuildPhase section */
		1A66FB602FFD05EB00F13B01 /* Frameworks */ = {
			isa = PBXFrameworksBuildPhase;
			buildActionMask = 2147483647;
			files = (
			);
			runOnlyForDeploymentPostprocessing = 0;
		};
		1A66FB6D2FFD05EC00F13B01 /* Frameworks */ = {
			isa = PBXFrameworksBuildPhase;
			buildActionMask = 2147483647;
			files = (
			);
			runOnlyForDeploymentPostprocessing = 0;
		};
		1A66FB772FFD05EC00F13B01 /* Frameworks */ = {
			isa = PBXFrameworksBuildPhase;
			buildActionMask = 2147483647;
			files = (
			);
			runOnlyForDeploymentPostprocessing = 0;
		};
/* End PBXFrameworksBuildPhase section */

/* Begin PBXGroup section */
		1A66FB5A2FFD05EB00F13B01 = {
			isa = PBXGroup;
			children = (
				1A66FB652FFD05EB00F13B01 /* TapFrenzy */,
				1A66FB732FFD05EC00F13B01 /* TapFrenzyTests */,
				1A66FB7D2FFD05EC00F13B01 /* TapFrenzyUITests */,
				1A66FB642FFD05EB00F13B01 /* Products */,
			);
			sourceTree = "<group>";
		};
		1A66FB642FFD05EB00F13B01 /* Products */ = {
			isa = PBXGroup;
			children = (
				1A66FB632FFD05EB00F13B01 /* TapFrenzy.app */,
				1A66FB702FFD05EC00F13B01 /* TapFrenzyTests.xctest */,
				1A66FB7A2FFD05EC00F13B01 /* TapFrenzyUITests.xctest */,
			);
			name = Products;
			sourceTree = "<group>";
		};
/* End PBXGroup section */

/* Begin PBXNativeTarget section */
		1A66FB622FFD05EB00F13B01 /* TapFrenzy */ = {
			isa = PBXNativeTarget;
			buildConfigurationList = 1A66FB842FFD05EC00F13B01 /* Build configuration list for PBXNativeTarget "TapFrenzy" */;
			buildPhases = (
				1A66FB5F2FFD05EB00F13B01 /* Sources */,
				1A66FB602FFD05EB00F13B01 /* Frameworks */,
				1A66FB612FFD05EB00F13B01 /* Resources */,
			);
			buildRules = (
			);
			dependencies = (
			);
			fileSystemSynchronizedGroups = (
				1A66FB652FFD05EB00F13B01 /* TapFrenzy */,
			);
			name = TapFrenzy;
			packageProductDependencies = (
			);
			productName = TapFrenzy;
			productReference = 1A66FB632FFD05EB00F13B01 /* TapFrenzy.app */;
			productType = "com.apple.product-type.application";
		};
		1A66FB6F2FFD05EC00F13B01 /* TapFrenzyTests */ = {
			isa = PBXNativeTarget;
			buildConfigurationList = 1A66FB872FFD05EC00F13B01 /* Build configuration list for PBXNativeTarget "TapFrenzyTests" */;
			buildPhases = (
				1A66FB6C2FFD05EC00F13B01 /* Sources */,
				1A66FB6D2FFD05EC00F13B01 /* Frameworks */,
				1A66FB6E2FFD05EC00F13B01 /* Resources */,
			);
			buildRules = (
			);
			dependencies = (
				1A66FB722FFD05EC00F13B01 /* PBXTargetDependency */,
			);
			fileSystemSynchronizedGroups = (
				1A66FB732FFD05EC00F13B01 /* TapFrenzyTests */,
			);
			name = TapFrenzyTests;
			packageProductDependencies = (
			);
			productName = TapFrenzyTests;
			productReference = 1A66FB702FFD05EC00F13B01 /* TapFrenzyTests.xctest */;
			productType = "com.apple.product-type.bundle.unit-test";
		};
		1A66FB792FFD05EC00F13B01 /* TapFrenzyUITests */ = {
			isa = PBXNativeTarget;
			buildConfigurationList = 1A66FB8A2FFD05EC00F13B01 /* Build configuration list for PBXNativeTarget "TapFrenzyUITests" */;
			buildPhases = (
				1A66FB762FFD05EC00F13B01 /* Sources */,
				1A66FB772FFD05EC00F13B01 /* Frameworks */,
				1A66FB782FFD05EC00F13B01 /* Resources */,
			);
			buildRules = (
			);
			dependencies = (
				1A66FB7C2FFD05EC00F13B01 /* PBXTargetDependency */,
			);
			fileSystemSynchronizedGroups = (
				1A66FB7D2FFD05EC00F13B01 /* TapFrenzyUITests */,
			);
			name = TapFrenzyUITests;
			packageProductDependencies = (
			);
			productName = TapFrenzyUITests;
			productReference = 1A66FB7A2FFD05EC00F13B01 /* TapFrenzyUITests.xctest */;
			productType = "com.apple.product-type.bundle.ui-testing";
		};
/* End PBXNativeTarget section */

/* Begin PBXProject section */
		1A66FB5B2FFD05EB00F13B01 /* Project object */ = {
			isa = PBXProject;
			attributes = {
				BuildIndependentTargetsInParallel = 1;
				LastSwiftUpdateCheck = 1640;
				LastUpgradeCheck = 1640;
				TargetAttributes = {
					1A66FB622FFD05EB00F13B01 = {
						CreatedOnToolsVersion = 16.4;
					};
					1A66FB6F2FFD05EC00F13B01 = {
						CreatedOnToolsVersion = 16.4;
						TestTargetID = 1A66FB622FFD05EB00F13B01;
					};
					1A66FB792FFD05EC00F13B01 = {
						CreatedOnToolsVersion = 16.4;
						TestTargetID = 1A66FB622FFD05EB00F13B01;
					};
				};
			};
			buildConfigurationList = 1A66FB5E2FFD05EB00F13B01 /* Build configuration list for PBXProject "TapFrenzy" */;
			developmentRegion = en;
			hasScannedForEncodings = 0;
			knownRegions = (
				en,
				Base,
			);
			mainGroup = 1A66FB5A2FFD05EB00F13B01;
			minimizedProjectReferenceProxies = 1;
			preferredProjectObjectVersion = 77;
			productRefGroup = 1A66FB642FFD05EB00F13B01 /* Products */;
			projectDirPath = "";
			projectRoot = "";
			targets = (
				1A66FB622FFD05EB00F13B01 /* TapFrenzy */,
				1A66FB6F2FFD05EC00F13B01 /* TapFrenzyTests */,
				1A66FB792FFD05EC00F13B01 /* TapFrenzyUITests */,
			);
		};
/* End PBXProject section */

/* Begin PBXResourcesBuildPhase section */
		1A66FB612FFD05EB00F13B01 /* Resources */ = {
			isa = PBXResourcesBuildPhase;
			buildActionMask = 2147483647;
			files = (
			);
			runOnlyForDeploymentPostprocessing = 0;
		};
		1A66FB6E2FFD05EC00F13B01 /* Resources */ = {
			isa = PBXResourcesBuildPhase;
			buildActionMask = 2147483647;
			files = (
			);
			runOnlyForDeploymentPostprocessing = 0;
		};
		1A66FB782FFD05EC00F13B01 /* Resources */ = {
			isa = PBXResourcesBuildPhase;
			buildActionMask = 2147483647;
			files = (
			);
			runOnlyForDeploymentPostprocessing = 0;
		};
/* End PBXResourcesBuildPhase section */

/* Begin PBXSourcesBuildPhase section */
		1A66FB5F2FFD05EB00F13B01 /* Sources */ = {
			isa = PBXSourcesBuildPhase;
			buildActionMask = 2147483647;
			files = (
			);
			runOnlyForDeploymentPostprocessing = 0;
		};
		1A66FB6C2FFD05EC00F13B01 /* Sources */ = {
			isa = PBXSourcesBuildPhase;
			buildActionMask = 2147483647;
			files = (
			);
			runOnlyForDeploymentPostprocessing = 0;
		};
		1A66FB762FFD05EC00F13B01 /* Sources */ = {
			isa = PBXSourcesBuildPhase;
			buildActionMask = 2147483647;
			files = (
			);
			runOnlyForDeploymentPostprocessing = 0;
		};
/* End PBXSourcesBuildPhase section */

/* Begin PBXTargetDependency section */
		1A66FB722FFD05EC00F13B01 /* PBXTargetDependency */ = {
			isa = PBXTargetDependency;
			target = 1A66FB622FFD05EB00F13B01 /* TapFrenzy */;
			targetProxy = 1A66FB712FFD05EC00F13B01 /* PBXContainerItemProxy */;
		};
		1A66FB7C2FFD05EC00F13B01 /* PBXTargetDependency */ = {
			isa = PBXTargetDependency;
			target = 1A66FB622FFD05EB00F13B01 /* TapFrenzy */;
			targetProxy = 1A66FB7B2FFD05EC00F13B01 /* PBXContainerItemProxy */;
		};
/* End PBXTargetDependency section */

/* Begin XCBuildConfiguration section */
		1A66FB822FFD05EC00F13B01 /* Debug */ = {
			isa = XCBuildConfiguration;
			buildSettings = {
				ALWAYS_SEARCH_USER_PATHS = NO;
				ASSETCATALOG_COMPILER_GENERATE_SWIFT_ASSET_SYMBOL_EXTENSIONS = YES;
				CLANG_ANALYZER_NONNULL = YES;
				CLANG_ANALYZER_NUMBER_OBJECT_CONVERSION = YES_AGGRESSIVE;
				CLANG_CXX_LANGUAGE_STANDARD = "gnu++20";
				CLANG_ENABLE_MODULES = YES;
				CLANG_ENABLE_OBJC_ARC = YES;
				CLANG_ENABLE_OBJC_WEAK = YES;
				CLANG_WARN_BLOCK_CAPTURE_AUTORELEASING = YES;
				CLANG_WARN_BOOL_CONVERSION = YES;
				CLANG_WARN_COMMA = YES;
				CLANG_WARN_CONSTANT_CONVERSION = YES;
				CLANG_WARN_DEPRECATED_OBJC_IMPLEMENTATIONS = YES;
				CLANG_WARN_DIRECT_OBJC_ISA_USAGE = YES_ERROR;
				CLANG_WARN_DOCUMENTATION_COMMENTS = YES;
				CLANG_WARN_EMPTY_BODY = YES;
				CLANG_WARN_ENUM_CONVERSION = YES;
				CLANG_WARN_INFINITE_RECURSION = YES;
				CLANG_WARN_INT_CONVERSION = YES;
				CLANG_WARN_NON_LITERAL_NULL_CONVERSION = YES;
				CLANG_WARN_OBJC_IMPLICIT_RETAIN_SELF = YES;
				CLANG_WARN_OBJC_LITERAL_CONVERSION = YES;
				CLANG_WARN_OBJC_ROOT_CLASS = YES_ERROR;
				CLANG_WARN_QUOTED_INCLUDE_IN_FRAMEWORK_HEADER = YES;
				CLANG_WARN_RANGE_LOOP_ANALYSIS = YES;
				CLANG_WARN_STRICT_PROTOTYPES = YES;
				CLANG_WARN_SUSPICIOUS_MOVE = YES;
				CLANG_WARN_UNGUARDED_AVAILABILITY = YES_AGGRESSIVE;
				CLANG_WARN_UNREACHABLE_CODE = YES;
				CLANG_WARN__DUPLICATE_METHOD_MATCH = YES;
				COPY_PHASE_STRIP = NO;
				DEBUG_INFORMATION_FORMAT = dwarf;
				DEVELOPMENT_TEAM = H4KG8673P2;
				ENABLE_STRICT_OBJC_MSGSEND = YES;
				ENABLE_TESTABILITY = YES;
				ENABLE_USER_SCRIPT_SANDBOXING = YES;
				GCC_C_LANGUAGE_STANDARD = gnu17;
				GCC_DYNAMIC_NO_PIC = NO;
				GCC_NO_COMMON_BLOCKS = YES;
				GCC_OPTIMIZATION_LEVEL = 0;
				GCC_PREPROCESSOR_DEFINITIONS = (
					"DEBUG=1",
					"$(inherited)",
				);
				GCC_WARN_64_TO_32_BIT_CONVERSION = YES;
				GCC_WARN_ABOUT_RETURN_TYPE = YES_ERROR;
				GCC_WARN_UNDECLARED_SELECTOR = YES;
				GCC_WARN_UNINITIALIZED_AUTOS = YES_AGGRESSIVE;
				GCC_WARN_UNUSED_FUNCTION = YES;
				GCC_WARN_UNUSED_VARIABLE = YES;
				IPHONEOS_DEPLOYMENT_TARGET = 18.5;
				LOCALIZATION_PREFERS_STRING_CATALOGS = YES;
				MTL_ENABLE_DEBUG_INFO = INCLUDE_SOURCE;
				MTL_FAST_MATH = YES;
				ONLY_ACTIVE_ARCH = YES;
				SDKROOT = iphoneos;
				SWIFT_ACTIVE_COMPILATION_CONDITIONS = "DEBUG $(inherited)";
				SWIFT_OPTIMIZATION_LEVEL = "-Onone";
			};
			name = Debug;
		};
		1A66FB832FFD05EC00F13B01 /* Release */ = {
			isa = XCBuildConfiguration;
			buildSettings = {
				ALWAYS_SEARCH_USER_PATHS = NO;
				ASSETCATALOG_COMPILER_GENERATE_SWIFT_ASSET_SYMBOL_EXTENSIONS = YES;
				CLANG_ANALYZER_NONNULL = YES;
				CLANG_ANALYZER_NUMBER_OBJECT_CONVERSION = YES_AGGRESSIVE;
				CLANG_CXX_LANGUAGE_STANDARD = "gnu++20";
				CLANG_ENABLE_MODULES = YES;
				CLANG_ENABLE_OBJC_ARC = YES;
				CLANG_ENABLE_OBJC_WEAK = YES;
				CLANG_WARN_BLOCK_CAPTURE_AUTORELEASING = YES;
				CLANG_WARN_BOOL_CONVERSION = YES;
				CLANG_WARN_COMMA = YES;
				CLANG_WARN_CONSTANT_CONVERSION = YES;
				CLANG_WARN_DEPRECATED_OBJC_IMPLEMENTATIONS = YES;
				CLANG_WARN_DIRECT_OBJC_ISA_USAGE = YES_ERROR;
				CLANG_WARN_DOCUMENTATION_COMMENTS = YES;
				CLANG_WARN_EMPTY_BODY = YES;
				CLANG_WARN_ENUM_CONVERSION = YES;
				CLANG_WARN_INFINITE_RECURSION = YES;
				CLANG_WARN_INT_CONVERSION = YES;
				CLANG_WARN_NON_LITERAL_NULL_CONVERSION = YES;
				CLANG_WARN_OBJC_IMPLICIT_RETAIN_SELF = YES;
				CLANG_WARN_OBJC_LITERAL_CONVERSION = YES;
				CLANG_WARN_OBJC_ROOT_CLASS = YES_ERROR;
				CLANG_WARN_QUOTED_INCLUDE_IN_FRAMEWORK_HEADER = YES;
				CLANG_WARN_RANGE_LOOP_ANALYSIS = YES;
				CLANG_WARN_STRICT_PROTOTYPES = YES;
				CLANG_WARN_SUSPICIOUS_MOVE = YES;
				CLANG_WARN_UNGUARDED_AVAILABILITY = YES_AGGRESSIVE;
				CLANG_WARN_UNREACHABLE_CODE = YES;
				CLANG_WARN__DUPLICATE_METHOD_MATCH = YES;
				COPY_PHASE_STRIP = NO;
				DEBUG_INFORMATION_FORMAT = "dwarf-with-dsym";
				DEVELOPMENT_TEAM = H4KG8673P2;
				ENABLE_NS_ASSERTIONS = NO;
				ENABLE_STRICT_OBJC_MSGSEND = YES;
				ENABLE_USER_SCRIPT_SANDBOXING = YES;
				GCC_C_LANGUAGE_STANDARD = gnu17;
				GCC_NO_COMMON_BLOCKS = YES;
				GCC_WARN_64_TO_32_BIT_CONVERSION = YES;
				GCC_WARN_ABOUT_RETURN_TYPE = YES_ERROR;
				GCC_WARN_UNDECLARED_SELECTOR = YES;
				GCC_WARN_UNINITIALIZED_AUTOS = YES_AGGRESSIVE;
				GCC_WARN_UNUSED_FUNCTION = YES;
				GCC_WARN_UNUSED_VARIABLE = YES;
				IPHONEOS_DEPLOYMENT_TARGET = 18.5;
				LOCALIZATION_PREFERS_STRING_CATALOGS = YES;
				MTL_ENABLE_DEBUG_INFO = NO;
				MTL_FAST_MATH = YES;
				SDKROOT = iphoneos;
				SWIFT_COMPILATION_MODE = wholemodule;
				VALIDATE_PRODUCT = YES;
			};
			name = Release;
		};
		1A66FB852FFD05EC00F13B01 /* Debug */ = {
			isa = XCBuildConfiguration;
			buildSettings = {
				ASSETCATALOG_COMPILER_APPICON_NAME = AppIcon;
				ASSETCATALOG_COMPILER_GLOBAL_ACCENT_COLOR_NAME = AccentColor;
				CODE_SIGN_STYLE = Automatic;
				CURRENT_PROJECT_VERSION = 1;
				DEVELOPMENT_TEAM = H4KG8673P2;
				ENABLE_PREVIEWS = YES;
				GENERATE_INFOPLIST_FILE = YES;
				INFOPLIST_KEY_NSLocationWhenInUseUsageDescription = "PlayHub uses your location to show where you played each game on the map.";
				INFOPLIST_KEY_UIApplicationSceneManifest_Generation = YES;
				INFOPLIST_KEY_UIApplicationSupportsIndirectInputEvents = YES;
				INFOPLIST_KEY_UILaunchScreen_Generation = YES;
				INFOPLIST_KEY_UISupportedInterfaceOrientations_iPad = "UIInterfaceOrientationPortrait UIInterfaceOrientationPortraitUpsideDown UIInterfaceOrientationLandscapeLeft UIInterfaceOrientationLandscapeRight";
				INFOPLIST_KEY_UISupportedInterfaceOrientations_iPhone = "UIInterfaceOrientationPortrait UIInterfaceOrientationLandscapeLeft UIInterfaceOrientationLandscapeRight";
				LD_RUNPATH_SEARCH_PATHS = (
					"$(inherited)",
					"@executable_path/Frameworks",
				);
				MARKETING_VERSION = 1.0;
				PRODUCT_BUNDLE_IDENTIFIER = thima.TapFrenzy;
				PRODUCT_NAME = "$(TARGET_NAME)";
				SWIFT_EMIT_LOC_STRINGS = YES;
				SWIFT_VERSION = 5.0;
				TARGETED_DEVICE_FAMILY = "1,2";
			};
			name = Debug;
		};
		1A66FB862FFD05EC00F13B01 /* Release */ = {
			isa = XCBuildConfiguration;
			buildSettings = {
				ASSETCATALOG_COMPILER_APPICON_NAME = AppIcon;
				ASSETCATALOG_COMPILER_GLOBAL_ACCENT_COLOR_NAME = AccentColor;
				CODE_SIGN_STYLE = Automatic;
				CURRENT_PROJECT_VERSION = 1;
				DEVELOPMENT_TEAM = H4KG8673P2;
				ENABLE_PREVIEWS = YES;
				GENERATE_INFOPLIST_FILE = YES;
				INFOPLIST_KEY_NSLocationWhenInUseUsageDescription = "PlayHub uses your location to show where you played each game on the map.";
				INFOPLIST_KEY_UIApplicationSceneManifest_Generation = YES;
				INFOPLIST_KEY_UIApplicationSupportsIndirectInputEvents = YES;
				INFOPLIST_KEY_UILaunchScreen_Generation = YES;
				INFOPLIST_KEY_UISupportedInterfaceOrientations_iPad = "UIInterfaceOrientationPortrait UIInterfaceOrientationPortraitUpsideDown UIInterfaceOrientationLandscapeLeft UIInterfaceOrientationLandscapeRight";
				INFOPLIST_KEY_UISupportedInterfaceOrientations_iPhone = "UIInterfaceOrientationPortrait UIInterfaceOrientationLandscapeLeft UIInterfaceOrientationLandscapeRight";
				LD_RUNPATH_SEARCH_PATHS = (
					"$(inherited)",
					"@executable_path/Frameworks",
				);
				MARKETING_VERSION = 1.0;
				PRODUCT_BUNDLE_IDENTIFIER = thima.TapFrenzy;
				PRODUCT_NAME = "$(TARGET_NAME)";
				SWIFT_EMIT_LOC_STRINGS = YES;
				SWIFT_VERSION = 5.0;
				TARGETED_DEVICE_FAMILY = "1,2";
			};
			name = Release;
		};
		1A66FB882FFD05EC00F13B01 /* Debug */ = {
			isa = XCBuildConfiguration;
			buildSettings = {
				BUNDLE_LOADER = "$(TEST_HOST)";
				CODE_SIGN_STYLE = Automatic;
				CURRENT_PROJECT_VERSION = 1;
				DEVELOPMENT_TEAM = H4KG8673P2;
				GENERATE_INFOPLIST_FILE = YES;
				IPHONEOS_DEPLOYMENT_TARGET = 18.5;
				MARKETING_VERSION = 1.0;
				PRODUCT_BUNDLE_IDENTIFIER = thima.TapFrenzyTests;
				PRODUCT_NAME = "$(TARGET_NAME)";
				SWIFT_EMIT_LOC_STRINGS = NO;
				SWIFT_VERSION = 5.0;
				TARGETED_DEVICE_FAMILY = "1,2";
				TEST_HOST = "$(BUILT_PRODUCTS_DIR)/TapFrenzy.app/$(BUNDLE_EXECUTABLE_FOLDER_PATH)/TapFrenzy";
			};
			name = Debug;
		};
		1A66FB892FFD05EC00F13B01 /* Release */ = {
			isa = XCBuildConfiguration;
			buildSettings = {
				BUNDLE_LOADER = "$(TEST_HOST)";
				CODE_SIGN_STYLE = Automatic;
				CURRENT_PROJECT_VERSION = 1;
				DEVELOPMENT_TEAM = H4KG8673P2;
				GENERATE_INFOPLIST_FILE = YES;
				IPHONEOS_DEPLOYMENT_TARGET = 18.5;
				MARKETING_VERSION = 1.0;
				PRODUCT_BUNDLE_IDENTIFIER = thima.TapFrenzyTests;
				PRODUCT_NAME = "$(TARGET_NAME)";
				SWIFT_EMIT_LOC_STRINGS = NO;
				SWIFT_VERSION = 5.0;
				TARGETED_DEVICE_FAMILY = "1,2";
				TEST_HOST = "$(BUILT_PRODUCTS_DIR)/TapFrenzy.app/$(BUNDLE_EXECUTABLE_FOLDER_PATH)/TapFrenzy";
			};
			name = Release;
		};
		1A66FB8B2FFD05EC00F13B01 /* Debug */ = {
			isa = XCBuildConfiguration;
			buildSettings = {
				CODE_SIGN_STYLE = Automatic;
				CURRENT_PROJECT_VERSION = 1;
				DEVELOPMENT_TEAM = H4KG8673P2;
				GENERATE_INFOPLIST_FILE = YES;
				MARKETING_VERSION = 1.0;
				PRODUCT_BUNDLE_IDENTIFIER = thima.TapFrenzyUITests;
				PRODUCT_NAME = "$(TARGET_NAME)";
				SWIFT_EMIT_LOC_STRINGS = NO;
				SWIFT_VERSION = 5.0;
				TARGETED_DEVICE_FAMILY = "1,2";
				TEST_TARGET_NAME = TapFrenzy;
			};
			name = Debug;
		};
		1A66FB8C2FFD05EC00F13B01 /* Release */ = {
			isa = XCBuildConfiguration;
			buildSettings = {
				CODE_SIGN_STYLE = Automatic;
				CURRENT_PROJECT_VERSION = 1;
				DEVELOPMENT_TEAM = H4KG8673P2;
				GENERATE_INFOPLIST_FILE = YES;
				MARKETING_VERSION = 1.0;
				PRODUCT_BUNDLE_IDENTIFIER = thima.TapFrenzyUITests;
				PRODUCT_NAME = "$(TARGET_NAME)";
				SWIFT_EMIT_LOC_STRINGS = NO;
				SWIFT_VERSION = 5.0;
				TARGETED_DEVICE_FAMILY = "1,2";
				TEST_TARGET_NAME = TapFrenzy;
			};
			name = Release;
		};
/* End XCBuildConfiguration section */

/* Begin XCConfigurationList section */
		1A66FB5E2FFD05EB00F13B01 /* Build configuration list for PBXProject "TapFrenzy" */ = {
			isa = XCConfigurationList;
			buildConfigurations = (
				1A66FB822FFD05EC00F13B01 /* Debug */,
				1A66FB832FFD05EC00F13B01 /* Release */,
			);
			defaultConfigurationIsVisible = 0;
			defaultConfigurationName = Release;
		};
		1A66FB842FFD05EC00F13B01 /* Build configuration list for PBXNativeTarget "TapFrenzy" */ = {
			isa = XCConfigurationList;
			buildConfigurations = (
				1A66FB852FFD05EC00F13B01 /* Debug */,
				1A66FB862FFD05EC00F13B01 /* Release */,
			);
			defaultConfigurationIsVisible = 0;
			defaultConfigurationName = Release;
		};
		1A66FB872FFD05EC00F13B01 /* Build configuration list for PBXNativeTarget "TapFrenzyTests" */ = {
			isa = XCConfigurationList;
			buildConfigurations = (
				1A66FB882FFD05EC00F13B01 /* Debug */,
				1A66FB892FFD05EC00F13B01 /* Release */,
			);
			defaultConfigurationIsVisible = 0;
			defaultConfigurationName = Release;
		};
		1A66FB8A2FFD05EC00F13B01 /* Build configuration list for PBXNativeTarget "TapFrenzyUITests" */ = {
			isa = XCConfigurationList;
			buildConfigurations = (
				1A66FB8B2FFD05EC00F13B01 /* Debug */,
				1A66FB8C2FFD05EC00F13B01 /* Release */,
			);
			defaultConfigurationIsVisible = 0;
			defaultConfigurationName = Release;
		};
/* End XCConfigurationList section */
	};
	rootObject = 1A66FB5B2FFD05EB00F13B01 /* Project object */;
}
